
Microsoft Visual Studio Solution File, Format Version 12.00
# Visual Studio Version 16
VisualStudioVersion = 16.0.808.2
MinimumVisualStudioVersion = 10.0.40219.1
Project("{2150E333-8FDC-42A3-9474-1A3956D46DE8}") = "Basic Programing", "Basic Programing", "{7EF50D01-5AE4-4627-91CB-2623A52B1793}"
EndProject
Project("{9A19103F-16F7-4668-BE54-9A1E7A4F7556}") = "Ex-2", "Ex-2\Ex-2.csproj", "{80FD03BF-4C61-4F17-A571-8D62C5FD07EE}"
EndProject
Project("{9A19103F-16F7-4668-BE54-9A1E7A4F7556}") = "EX-2_2", "Ex-2\EX-2_2\EX-2_2.csproj", "{99938D6A-3673-46D3-BDFB-FA47F0D1B01C}"
EndProject
Project("{9A19103F-16F7-4668-BE54-9A1E7A4F7556}") = "Ex-2_3", "Ex-2\Ex-2_3\Ex-2_3.csproj", "{FD6F77E6-E594-4B0F-8254-6CF8E9B02C82}"
EndProject
Project("{9A19103F-16F7-4668-BE54-9A1E7A4F7556}") = "Ex-2_4", "Ex-2\Ex-2_4\Ex-2_4.csproj", "{32B034F2-127E-4FE0-B0BB-A18CD96F01E7}"
EndProject
Project("{2150E333-8FDC-42A3-9474-1A3956D46DE8}") = "1st task", "1st task", "{63AAE1B9-7AAD-40C6-ADFD-441D393F248F}"
	ProjectSection(SolutionItems) = preProject
		Readme.txt = Readme.txt
	EndProjectSection
EndProject
Project("{2150E333-8FDC-42A3-9474-1A3956D46DE8}") = "2nd task", "2nd task", "{4F839291-B15E-4ADC-BF94-408F2B047602}"
EndProject
Project("{9A19103F-16F7-4668-BE54-9A1E7A4F7556}") = "Ex-3_1", "Ex-3_1\Ex-3_1.csproj", "{04384486-2835-4374-AE59-88DC0306EB17}"
EndProject
Project("{9A19103F-16F7-4668-BE54-9A1E7A4F7556}") = "Ex-3_2", "Ex-3_1\Ex-3_2\Ex-3_2.csproj", "{42BEC8C6-FA57-4606-8901-CBB7F6FFD0D8}"
EndProject
Project("{9A19103F-16F7-4668-BE54-9A1E7A4F7556}") = "Ex-3_5", "Ex-3_1\Ex-3_3\Ex-3_5.csproj", "{2C9016B4-067E-40ED-AE32-CD3B32AFE7E7}"
EndProject
Project("{9A19103F-16F7-4668-BE54-9A1E7A4F7556}") = "Ex-3_10", "Ex-3_1\Ex-3_10\Ex-3_10.csproj", "{E9DA6C66-752D-434E-A63B-08518F072EF4}"
EndProject
Project("{9A19103F-16F7-4668-BE54-9A1E7A4F7556}") = "Ex-3_11", "Ex-3_1\Ex-3_11\Ex-3_11.csproj", "{8DB9ECC9-72A4-4103-B594-9A63A8605A74}"
EndProject
Project("{9A19103F-16F7-4668-BE54-9A1E7A4F7556}") = "Ex-3_2_2", "Ex-3_1\Ex-3_2_2\Ex-3_2_2.csproj", "{8ECEF68A-4883-49BF-880D-BE76F77EDD6E}"
EndProject
Project("{9A19103F-16F7-4668-BE54-9A1E7A4F7556}") = "Ex-3_2_4", "Ex-3_1\Ex-3_2_4\Ex-3_2_4.csproj", "{8D65E569-FD95-4FFE-A5DB-9128184294C4}"
EndProject
Project("{9A19103F-16F7-4668-BE54-9A1E7A4F7556}") = "Ex-3_2_8", "Ex-3_1\Ex-3_2_8\Ex-3_2_8.csproj", "{2186FCD5-37F7-4BC1-B04C-E2663850367F}"
EndProject
Project("{FAE04EC0-301F-11D3-BF4B-00C04F79EFBC}") = "Ex-3_4", "Ex-3-4\Ex-3_4.csproj", "{C280C7E7-B860-4A6A-8AFB-33FBC68A5A15}"
EndProject
Global
	GlobalSection(SolutionConfigurationPlatforms) = preSolution
		Debug|Any CPU = Debug|Any CPU
		Release|Any CPU = Release|Any CPU
	EndGlobalSection
	GlobalSection(ProjectConfigurationPlatforms) = postSolution
		{80FD03BF-4C61-4F17-A571-8D62C5FD07EE}.Debug|Any CPU.ActiveCfg = Debug|Any CPU
		{80FD03BF-4C61-4F17-A571-8D62C5FD07EE}.Debug|Any CPU.Build.0 = Debug|Any CPU
		{80FD03BF-4C61-4F17-A571-8D62C5FD07EE}.Release|Any CPU.ActiveCfg = Release|Any CPU
		{80FD03BF-4C61-4F17-A571-8D62C5FD07EE}.Release|Any CPU.Build.0 = Release|Any CPU
		{99938D6A-3673-46D3-BDFB-FA47F0D1B01C}.Debug|Any CPU.ActiveCfg = Debug|Any CPU
		{99938D6A-3673-46D3-BDFB-FA47F0D1B01C}.Debug|Any CPU.Build.0 = Debug|Any CPU
		{99938D6A-3673-46D3-BDFB-FA47F0D1B01C}.Release|Any CPU.ActiveCfg = Release|Any CPU
		{99938D6A-3673-46D3-BDFB-FA47F0D1B01C}.Release|Any CPU.Build.0 = Release|Any CPU
		{FD6F77E6-E594-4B0F-8254-6CF8E9B02C82}.Debug|Any CPU.ActiveCfg = Debug|Any CPU
		{FD6F77E6-E594-4B0F-8254-6CF8E9B02C82}.Debug|Any CPU.Build.0 = Debug|Any CPU
		{FD6F77E6-E594-4B0F-8254-6CF8E9B02C82}.Release|Any CPU.ActiveCfg = Release|Any CPU
		{FD6F77E6-E594-4B0F-8254-6CF8E9B02C82}.Release|Any CPU.Build.0 = Release|Any CPU
		{32B034F2-127E-4FE0-B0BB-A18CD96F01E7}.Debug|Any CPU.ActiveCfg = Debug|Any CPU
		{32B034F2-127E-4FE0-B0BB-A18CD96F01E7}.Debug|Any CPU.Build.0 = Debug|Any CPU
		{32B034F2-127E-4FE0-B0BB-A18CD96F01E7}.Release|Any CPU.ActiveCfg = Release|Any CPU
		{32B034F2-127E-4FE0-B0BB-A18CD96F01E7}.Release|Any CPU.Build.0 = Release|Any CPU
		{04384486-2835-4374-AE59-88DC0306EB17}.Debug|Any CPU.ActiveCfg = Debug|Any CPU
		{04384486-2835-4374-AE59-88DC0306EB17}.Debug|Any CPU.Build.0 = Debug|Any CPU
		{04384486-2835-4374-AE59-88DC0306EB17}.Release|Any CPU.ActiveCfg = Release|Any CPU
		{04384486-2835-4374-AE59-88DC0306EB17}.Release|Any CPU.Build.0 = Release|Any CPU
		{42BEC8C6-FA57-4606-8901-CBB7F6FFD0D8}.Debug|Any CPU.ActiveCfg = Debug|Any CPU
		{42BEC8C6-FA57-4606-8901-CBB7F6FFD0D8}.Debug|Any CPU.Build.0 = Debug|Any CPU
		{42BEC8C6-FA57-4606-8901-CBB7F6FFD0D8}.Release|Any CPU.ActiveCfg = Release|Any CPU
		{42BEC8C6-FA57-4606-8901-CBB7F6FFD0D8}.Release|Any CPU.Build.0 = Release|Any CPU
		{2C9016B4-067E-40ED-AE32-CD3B32AFE7E7}.Debug|Any CPU.ActiveCfg = Debug|Any CPU
		{2C9016B4-067E-40ED-AE32-CD3B32AFE7E7}.Debug|Any CPU.Build.0 = Debug|Any CPU
		{2C9016B4-067E-40ED-AE32-CD3B32AFE7E7}.Release|Any CPU.ActiveCfg = Release|Any CPU
		{2C9016B4-067E-40ED-AE32-CD3B32AFE7E7}.Release|Any CPU.Build.0 = Release|Any CPU
		{E9DA6C66-752D-434E-A63B-08518F072EF4}.Debug|Any CPU.ActiveCfg = Debug|Any CPU
		{E9DA6C66-752D-434E-A63B-08518F072EF4}.Debug|Any CPU.Build.0 = Debug|Any CPU
		{E9DA6C66-752D-434E-A63B-08518F072EF4}.Release|Any CPU.ActiveCfg = Release|Any CPU
		{E9DA6C66-752D-434E-A63B-08518F072EF4}.Release|Any CPU.Build.0 = Release|Any CPU
		{8DB9ECC9-72A4-4103-B594-9A63A8605A74}.Debug|Any CPU.ActiveCfg = Debug|Any CPU
		{8DB9ECC9-72A4-4103-B594-9A63A8605A74}.Debug|Any CPU.Build.0 = Debug|Any CPU
		{8DB9ECC9-72A4-4103-B594-9A63A8605A74}.Release|Any CPU.ActiveCfg = Release|Any CPU
		{8DB9ECC9-72A4-4103-B594-9A63A8605A74}.Release|Any CPU.Build.0 = Release|Any CPU
		{8ECEF68A-4883-49BF-880D-BE76F77EDD6E}.Debug|Any CPU.ActiveCfg = Debug|Any CPU
		{8ECEF68A-4883-49BF-880D-BE76F77EDD6E}.Debug|Any CPU.Build.0 = Debug|Any CPU
		{8ECEF68A-4883-49BF-880D-BE76F77EDD6E}.Release|Any CPU.ActiveCfg = Release|Any CPU
		{8ECEF68A-4883-49BF-880D-BE76F77EDD6E}.Release|Any CPU.Build.0 = Release|Any CPU
		{8D65E569-FD95-4FFE-A5DB-9128184294C4}.Debug|Any CPU.ActiveCfg = Debug|Any CPU
		{8D65E569-FD95-4FFE-A5DB-9128184294C4}.Debug|Any CPU.Build.0 = Debug|Any CPU
		{8D65E569-FD95-4FFE-A5DB-9128184294C4}.Release|Any CPU.ActiveCfg = Release|Any CPU
		{8D65E569-FD95-4FFE-A5DB-9128184294C4}.Release|Any CPU.Build.0 = Release|Any CPU
		{2186FCD5-37F7-4BC1-B04C-E2663850367F}.Debug|Any CPU.ActiveCfg = Debug|Any CPU
		{2186FCD5-37F7-4BC1-B04C-E2663850367F}.Debug|Any CPU.Build.0 = Debug|Any CPU
		{2186FCD5-37F7-4BC1-B04C-E2663850367F}.Release|Any CPU.ActiveCfg = Release|Any CPU
		{2186FCD5-37F7-4BC1-B04C-E2663850367F}.Release|Any CPU.Build.0 = Release|Any CPU
		{C280C7E7-B860-4A6A-8AFB-33FBC68A5A15}.Debug|Any CPU.ActiveCfg = Debug|Any CPU
		{C280C7E7-B860-4A6A-8AFB-33FBC68A5A15}.Debug|Any CPU.Build.0 = Debug|Any CPU
		{C280C7E7-B860-4A6A-8AFB-33FBC68A5A15}.Release|Any CPU.ActiveCfg = Release|Any CPU
		{C280C7E7-B860-4A6A-8AFB-33FBC68A5A15}.Release|Any CPU.Build.0 = Release|Any CPU
	EndGlobalSection
	GlobalSection(SolutionProperties) = preSolution
		HideSolutionNode = FALSE
	EndGlobalSection
	GlobalSection(NestedProjects) = preSolution
		{80FD03BF-4C61-4F17-A571-8D62C5FD07EE} = {63AAE1B9-7AAD-40C6-ADFD-441D393F248F}
		{99938D6A-3673-46D3-BDFB-FA47F0D1B01C} = {63AAE1B9-7AAD-40C6-ADFD-441D393F248F}
		{FD6F77E6-E594-4B0F-8254-6CF8E9B02C82} = {63AAE1B9-7AAD-40C6-ADFD-441D393F248F}
		{32B034F2-127E-4FE0-B0BB-A18CD96F01E7} = {63AAE1B9-7AAD-40C6-ADFD-441D393F248F}
		{63AAE1B9-7AAD-40C6-ADFD-441D393F248F} = {7EF50D01-5AE4-4627-91CB-2623A52B1793}
		{4F839291-B15E-4ADC-BF94-408F2B047602} = {7EF50D01-5AE4-4627-91CB-2623A52B1793}
		{04384486-2835-4374-AE59-88DC0306EB17} = {4F839291-B15E-4ADC-BF94-408F2B047602}
		{42BEC8C6-FA57-4606-8901-CBB7F6FFD0D8} = {4F839291-B15E-4ADC-BF94-408F2B047602}
		{2C9016B4-067E-40ED-AE32-CD3B32AFE7E7} = {4F839291-B15E-4ADC-BF94-408F2B047602}
		{E9DA6C66-752D-434E-A63B-08518F072EF4} = {4F839291-B15E-4ADC-BF94-408F2B047602}
		{8DB9ECC9-72A4-4103-B594-9A63A8605A74} = {4F839291-B15E-4ADC-BF94-408F2B047602}
		{8ECEF68A-4883-49BF-880D-BE76F77EDD6E} = {4F839291-B15E-4ADC-BF94-408F2B047602}
		{8D65E569-FD95-4FFE-A5DB-9128184294C4} = {4F839291-B15E-4ADC-BF94-408F2B047602}
		{2186FCD5-37F7-4BC1-B04C-E2663850367F} = {4F839291-B15E-4ADC-BF94-408F2B047602}
		{C280C7E7-B860-4A6A-8AFB-33FBC68A5A15} = {4F839291-B15E-4ADC-BF94-408F2B047602}
	EndGlobalSection
	GlobalSection(ExtensibilityGlobals) = postSolution
		SolutionGuid = {B344E5EC-5FFB-4B13-BA5A-BFA9425A4671}
	EndGlobalSection
EndGlobal
